{
  "name": "prueba-use",
  "version": "1.0.0",
  "lockfileVersion": 1,
  "requires": true,
  "dependencies": {
    "@ull-esit-pl-1920/p7-t3-egg-2-daviddvg7": {
      "version": "1.0.6",
      "resolved": "https://npm.pkg.github.com/download/@ull-esit-pl-1920/p7-t3-egg-2-daviddvg7/1.0.6/99a0db612a64db2e06b4cdc7adc646ef74fa5a7c6a7db6e5d54f12b0e587ea37",
      "integrity": "sha512-VH+zhqoSfRRrlczdMK12Vloi6S5DPZ7rqaKkP1RletSheW9Ro8eIGoCmtrmZp0PHYscLnQYUVsCbLjA+/OSj5Q=="
    }
  }
}
